// !$*UTF8*$!
{
	archiveVersion = 1;
	classes = {
	};
	objectVersion = 50;
	objects = {

/* Begin PBXBuildFile section */
		E0768067269403A500793677 /* ToDoCalendarApp.swift in Sources */ = {isa = PBXBuildFile; fileRef = E0768066269403A500793677 /* ToDoCalendarApp.swift */; };
		E0768069269403A500793677 /* ContentView.swift in Sources */ = {isa = PBXBuildFile; fileRef = E0768068269403A500793677 /* ContentView.swift */; };
		E076806B269403A700793677 /* Assets.xcassets in Resources */ = {isa = PBXBuildFile; fileRef = E076806A269403A700793677 /* Assets.xcassets */; };
		E076806E269403A700793677 /* Preview Assets.xcassets in Resources */ = {isa = PBXBuildFile; fileRef = E076806D269403A700793677 /* Preview Assets.xcassets */; };
		E0768073269403A700793677 /* ToDoCalendar.xcdatamodeld in Sources */ = {isa = PBXBuildFile; fileRef = E0768071269403A700793677 /* ToDoCalendar.xcdatamodeld */; };
		E076807E269403A700793677 /* ToDoCalendarTests.swift in Sources */ = {isa = PBXBuildFile; fileRef = E076807D269403A700793677 /* ToDoCalendarTests.swift */; };
		E0768089269403A700793677 /* ToDoCalendarUITests.swift in Sources */ = {isa = PBXBuildFile; fileRef = E0768088269403A700793677 /* ToDoCalendarUITests.swift */; };
		E07F64762694A33C00513016 /* Task+CoreDataClass.swift in Sources */ = {isa = PBXBuildFile; fileRef = E07F64742694A33C00513016 /* Task+CoreDataClass.swift */; };
		E07F64772694A33C00513016 /* Task+CoreDataProperties.swift in Sources */ = {isa = PBXBuildFile; fileRef = E07F64752694A33C00513016 /* Task+CoreDataProperties.swift */; };
		E07F64802694A54800513016 /* CoreDataManager.swift in Sources */ = {isa = PBXBuildFile; fileRef = E07F647F2694A54800513016 /* CoreDataManager.swift */; };
		E07F64862694A7C300513016 /* TaskListViewModel.swift in Sources */ = {isa = PBXBuildFile; fileRef = E07F64852694A7C300513016 /* TaskListViewModel.swift */; };
		E09C2FCB2696318400A955EA /* TasksForADayView.swift in Sources */ = {isa = PBXBuildFile; fileRef = E09C2FCA2696318400A955EA /* TasksForADayView.swift */; };
/* End PBXBuildFile section */

/* Begin PBXContainerItemProxy section */
		E076807A269403A700793677 /* PBXContainerItemProxy */ = {
			isa = PBXContainerItemProxy;
			containerPortal = E076805B269403A500793677 /* Project object */;
			proxyType = 1;
			remoteGlobalIDString = E0768062269403A500793677;
			remoteInfo = ToDoCalendar;
		};
		E0768085269403A700793677 /* PBXContainerItemProxy */ = {
			isa = PBXContainerItemProxy;
			containerPortal = E076805B269403A500793677 /* Project object */;
			proxyType = 1;
			remoteGlobalIDString = E0768062269403A500793677;
			remoteInfo = ToDoCalendar;
		};
/* End PBXContainerItemProxy section */

/* Begin PBXFileReference section */
		E0768063269403A500793677 /* ToDoCalendar.app */ = {isa = PBXFileReference; explicitFileType = wrapper.application; includeInIndex = 0; path = ToDoCalendar.app; sourceTree = BUILT_PRODUCTS_DIR; };
		E0768066269403A500793677 /* ToDoCalendarApp.swift */ = {isa = PBXFileReference; lastKnownFileType = sourcecode.swift; path = ToDoCalendarApp.swift; sourceTree = "<group>"; };
		E0768068269403A500793677 /* ContentView.swift */ = {isa = PBXFileReference; lastKnownFileType = sourcecode.swift; path = ContentView.swift; sourceTree = "<group>"; };
		E076806A269403A700793677 /* Assets.xcassets */ = {isa = PBXFileReference; lastKnownFileType = folder.assetcatalog; path = Assets.xcassets; sourceTree = "<group>"; };
		E076806D269403A700793677 /* Preview Assets.xcassets */ = {isa = PBXFileReference; lastKnownFileType = folder.assetcatalog; path = "Preview Assets.xcassets"; sourceTree = "<group>"; };
		E0768072269403A700793677 /* ToDoCalendar.xcdatamodel */ = {isa = PBXFileReference; lastKnownFileType = wrapper.xcdatamodel; path = ToDoCalendar.xcdatamodel; sourceTree = "<group>"; };
		E0768074269403A700793677 /* Info.plist */ = {isa = PBXFileReference; lastKnownFileType = text.plist.xml; path = Info.plist; sourceTree = "<group>"; };
		E0768079269403A700793677 /* ToDoCalendarTests.xctest */ = {isa = PBXFileReference; explicitFileType = wrapper.cfbundle; includeInIndex = 0; path = ToDoCalendarTests.xctest; sourceTree = BUILT_PRODUCTS_DIR; };
		E076807D269403A700793677 /* ToDoCalendarTests.swift */ = {isa = PBXFileReference; lastKnownFileType = sourcecode.swift; path = ToDoCalendarTests.swift; sourceTree = "<group>"; };
		E076807F269403A700793677 /* Info.plist */ = {isa = PBXFileReference; lastKnownFileType = text.plist.xml; path = Info.plist; sourceTree = "<group>"; };
		E0768084269403A700793677 /* ToDoCalendarUITests.xctest */ = {isa = PBXFileReference; explicitFileType = wrapper.cfbundle; includeInIndex = 0; path = ToDoCalendarUITests.xctest; sourceTree = BUILT_PRODUCTS_DIR; };
		E0768088269403A700793677 /* ToDoCalendarUITests.swift */ = {isa = PBXFileReference; lastKnownFileType = sourcecode.swift; path = ToDoCalendarUITests.swift; sourceTree = "<group>"; };
		E076808A269403A700793677 /* Info.plist */ = {isa = PBXFileReference; lastKnownFileType = text.plist.xml; path = Info.plist; sourceTree = "<group>"; };
		E07F64742694A33C00513016 /* Task+CoreDataClass.swift */ = {isa = PBXFileReference; lastKnownFileType = sourcecode.swift; path = "Task+CoreDataClass.swift"; sourceTree = "<group>"; };
		E07F64752694A33C00513016 /* Task+CoreDataProperties.swift */ = {isa = PBXFileReference; lastKnownFileType = sourcecode.swift; path = "Task+CoreDataProperties.swift"; sourceTree = "<group>"; };
		E07F647F2694A54800513016 /* CoreDataManager.swift */ = {isa = PBXFileReference; lastKnownFileType = sourcecode.swift; path = CoreDataManager.swift; sourceTree = "<group>"; };
		E07F64852694A7C300513016 /* TaskListViewModel.swift */ = {isa = PBXFileReference; lastKnownFileType = sourcecode.swift; path = TaskListViewModel.swift; sourceTree = "<group>"; };
		E09C2FCA2696318400A955EA /* TasksForADayView.swift */ = {isa = PBXFileReference; lastKnownFileType = sourcecode.swift; path = TasksForADayView.swift; sourceTree = "<group>"; };
/* End PBXFileReference section */

/* Begin PBXFrameworksBuildPhase section */
		E0768060269403A500793677 /* Frameworks */ = {
			isa = PBXFrameworksBuildPhase;
			buildActionMask = 2147483647;
			files = (
			);
			runOnlyForDeploymentPostprocessing = 0;
		};
		E0768076269403A700793677 /* Frameworks */ = {
			isa = PBXFrameworksBuildPhase;
			buildActionMask = 2147483647;
			files = (
			);
			runOnlyForDeploymentPostprocessing = 0;
		};
		E0768081269403A700793677 /* Frameworks */ = {
			isa = PBXFrameworksBuildPhase;
			buildActionMask = 2147483647;
			files = (
			);
			runOnlyForDeploymentPostprocessing = 0;
		};
/* End PBXFrameworksBuildPhase section */

/* Begin PBXGroup section */
		E076805A269403A500793677 = {
			isa = PBXGroup;
			children = (
				E0768065269403A500793677 /* ToDoCalendar */,
				E076807C269403A700793677 /* ToDoCalendarTests */,
				E0768087269403A700793677 /* ToDoCalendarUITests */,
				E0768064269403A500793677 /* Products */,
			);
			sourceTree = "<group>";
		};
		E0768064269403A500793677 /* Products */ = {
			isa = PBXGroup;
			children = (
				E0768063269403A500793677 /* ToDoCalendar.app */,
				E0768079269403A700793677 /* ToDoCalendarTests.xctest */,
				E0768084269403A700793677 /* ToDoCalendarUITests.xctest */,
			);
			name = Products;
			sourceTree = "<group>";
		};
		E0768065269403A500793677 /* ToDoCalendar */ = {
			isa = PBXGroup;
			children = (
				E07F647B2694A35100513016 /* Model */,
				E07F64842694A77D00513016 /* ViewModel */,
				E09C2FC92696314900A955EA /* Views */,
				E0768066269403A500793677 /* ToDoCalendarApp.swift */,
				E0768068269403A500793677 /* ContentView.swift */,
				E076806A269403A700793677 /* Assets.xcassets */,
				E0768074269403A700793677 /* Info.plist */,
				E0768071269403A700793677 /* ToDoCalendar.xcdatamodeld */,
				E076806C269403A700793677 /* Preview Content */,
			);
			path = ToDoCalendar;
			sourceTree = "<group>";
		};
		E076806C269403A700793677 /* Preview Content */ = {
			isa = PBXGroup;
			children = (
				E076806D269403A700793677 /* Preview Assets.xcassets */,
			);
			path = "Preview Content";
			sourceTree = "<group>";
		};
		E076807C269403A700793677 /* ToDoCalendarTests */ = {
			isa = PBXGroup;
			children = (
				E076807D269403A700793677 /* ToDoCalendarTests.swift */,
				E076807F269403A700793677 /* Info.plist */,
			);
			path = ToDoCalendarTests;
			sourceTree = "<group>";
		};
		E0768087269403A700793677 /* ToDoCalendarUITests */ = {
			isa = PBXGroup;
			children = (
				E0768088269403A700793677 /* ToDoCalendarUITests.swift */,
				E076808A269403A700793677 /* Info.plist */,
			);
			path = ToDoCalendarUITests;
			sourceTree = "<group>";
		};
		E07F647B2694A35100513016 /* Model */ = {
			isa = PBXGroup;
			children = (
				E07F647F2694A54800513016 /* CoreDataManager.swift */,
				E07F64742694A33C00513016 /* Task+CoreDataClass.swift */,
				E07F64752694A33C00513016 /* Task+CoreDataProperties.swift */,
			);
			path = Model;
			sourceTree = "<group>";
		};
		E07F64842694A77D00513016 /* ViewModel */ = {
			isa = PBXGroup;
			children = (
				E07F64852694A7C300513016 /* TaskListViewModel.swift */,
			);
			path = ViewModel;
			sourceTree = "<group>";
		};
		E09C2FC92696314900A955EA /* Views */ = {
			isa = PBXGroup;
			children = (
				E09C2FCA2696318400A955EA /* TasksForADayView.swift */,
			);
			path = Views;
			sourceTree = "<group>";
		};
/* End PBXGroup section */

/* Begin PBXNativeTarget section */
		E0768062269403A500793677 /* ToDoCalendar */ = {
			isa = PBXNativeTarget;
			buildConfigurationList = E076808D269403A700793677 /* Build configuration list for PBXNativeTarget "ToDoCalendar" */;
			buildPhases = (
				E076805F269403A500793677 /* Sources */,
				E0768060269403A500793677 /* Frameworks */,
				E0768061269403A500793677 /* Resources */,
			);
			buildRules = (
			);
			dependencies = (
			);
			name = ToDoCalendar;
			productName = ToDoCalendar;
			productReference = E0768063269403A500793677 /* ToDoCalendar.app */;
			productType = "com.apple.product-type.application";
		};
		E0768078269403A700793677 /* ToDoCalendarTests */ = {
			isa = PBXNativeTarget;
			buildConfigurationList = E0768090269403A700793677 /* Build configuration list for PBXNativeTarget "ToDoCalendarTests" */;
			buildPhases = (
				E0768075269403A700793677 /* Sources */,
				E0768076269403A700793677 /* Frameworks */,
				E0768077269403A700793677 /* Resources */,
			);
			buildRules = (
			);
			dependencies = (
				E076807B269403A700793677 /* PBXTargetDependency */,
			);
			name = ToDoCalendarTests;
			productName = ToDoCalendarTests;
			productReference = E0768079269403A700793677 /* ToDoCalendarTests.xctest */;
			productType = "com.apple.product-type.bundle.unit-test";
		};
		E0768083269403A700793677 /* ToDoCalendarUITests */ = {
			isa = PBXNativeTarget;
			buildConfigurationList = E0768093269403A700793677 /* Build configuration list for PBXNativeTarget "ToDoCalendarUITests" */;
			buildPhases = (
				E0768080269403A700793677 /* Sources */,
				E0768081269403A700793677 /* Frameworks */,
				E0768082269403A700793677 /* Resources */,
			);
			buildRules = (
			);
			dependencies = (
				E0768086269403A700793677 /* PBXTargetDependency */,
			);
			name = ToDoCalendarUITests;
			productName = ToDoCalendarUITests;
			productReference = E0768084269403A700793677 /* ToDoCalendarUITests.xctest */;
			productType = "com.apple.product-type.bundle.ui-testing";
		};
/* End PBXNativeTarget section */

/* Begin PBXProject section */
		E076805B269403A500793677 /* Project object */ = {
			isa = PBXProject;
			attributes = {
				LastSwiftUpdateCheck = 1240;
				LastUpgradeCheck = 1240;
				TargetAttributes = {
					E0768062269403A500793677 = {
						CreatedOnToolsVersion = 12.4;
					};
					E0768078269403A700793677 = {
						CreatedOnToolsVersion = 12.4;
						TestTargetID = E0768062269403A500793677;
					};
					E0768083269403A700793677 = {
						CreatedOnToolsVersion = 12.4;
						TestTargetID = E0768062269403A500793677;
					};
				};
			};
			buildConfigurationList = E076805E269403A500793677 /* Build configuration list for PBXProject "ToDoCalendar" */;
			compatibilityVersion = "Xcode 9.3";
			developmentRegion = en;
			hasScannedForEncodings = 0;
			knownRegions = (
				en,
				Base,
			);
			mainGroup = E076805A269403A500793677;
			productRefGroup = E0768064269403A500793677 /* Products */;
			projectDirPath = "";
			projectRoot = "";
			targets = (
				E0768062269403A500793677 /* ToDoCalendar */,
				E0768078269403A700793677 /* ToDoCalendarTests */,
				E0768083269403A700793677 /* ToDoCalendarUITests */,
			);
		};
/* End PBXProject section */

/* Begin PBXResourcesBuildPhase section */
		E0768061269403A500793677 /* Resources */ = {
			isa = PBXResourcesBuildPhase;
			buildActionMask = 2147483647;
			files = (
				E076806E269403A700793677 /* Preview Assets.xcassets in Resources */,
				E076806B269403A700793677 /* Assets.xcassets in Resources */,
			);
			runOnlyForDeploymentPostprocessing = 0;
		};
		E0768077269403A700793677 /* Resources */ = {
			isa = PBXResourcesBuildPhase;
			buildActionMask = 2147483647;
			files = (
			);
			runOnlyForDeploymentPostprocessing = 0;
		};
		E0768082269403A700793677 /* Resources */ = {
			isa = PBXResourcesBuildPhase;
			buildActionMask = 2147483647;
			files = (
			);
			runOnlyForDeploymentPostprocessing = 0;
		};
/* End PBXResourcesBuildPhase section */

/* Begin PBXSourcesBuildPhase section */
		E076805F269403A500793677 /* Sources */ = {
			isa = PBXSourcesBuildPhase;
			buildActionMask = 2147483647;
			files = (
				E09C2FCB2696318400A955EA /* TasksForADayView.swift in Sources */,
				E0768073269403A700793677 /* ToDoCalendar.xcdatamodeld in Sources */,
				E0768069269403A500793677 /* ContentView.swift in Sources */,
				E07F64762694A33C00513016 /* Task+CoreDataClass.swift in Sources */,
				E07F64772694A33C00513016 /* Task+CoreDataProperties.swift in Sources */,
				E07F64862694A7C300513016 /* TaskListViewModel.swift in Sources */,
				E07F64802694A54800513016 /* CoreDataManager.swift in Sources */,
				E0768067269403A500793677 /* ToDoCalendarApp.swift in Sources */,
			);
			runOnlyForDeploymentPostprocessing = 0;
		};
		E0768075269403A700793677 /* Sources */ = {
			isa = PBXSourcesBuildPhase;
			buildActionMask = 2147483647;
			files = (
				E076807E269403A700793677 /* ToDoCalendarTests.swift in Sources */,
			);
			runOnlyForDeploymentPostprocessing = 0;
		};
		E0768080269403A700793677 /* Sources */ = {
			isa = PBXSourcesBuildPhase;
			buildActionMask = 2147483647;
			files = (
				E0768089269403A700793677 /* ToDoCalendarUITests.swift in Sources */,
			);
			runOnlyForDeploymentPostprocessing = 0;
		};
/* End PBXSourcesBuildPhase section */

/* Begin PBXTargetDependency section */
		E076807B269403A700793677 /* PBXTargetDependency */ = {
			isa = PBXTargetDependency;
			target = E0768062269403A500793677 /* ToDoCalendar */;
			targetProxy = E076807A269403A700793677 /* PBXContainerItemProxy */;
		};
		E0768086269403A700793677 /* PBXTargetDependency */ = {
			isa = PBXTargetDependency;
			target = E0768062269403A500793677 /* ToDoCalendar */;
			targetProxy = E0768085269403A700793677 /* PBXContainerItemProxy */;
		};
/* End PBXTargetDependency section */

/* Begin XCBuildConfiguration section */
		E076808B269403A700793677 /* Debug */ = {
			isa = XCBuildConfiguration;
			buildSettings = {
				ALWAYS_SEARCH_USER_PATHS = NO;
				CLANG_ANALYZER_NONNULL = YES;
				CLANG_ANALYZER_NUMBER_OBJECT_CONVERSION = YES_AGGRESSIVE;
				CLANG_CXX_LANGUAGE_STANDARD = "gnu++14";
				CLANG_CXX_LIBRARY = "libc++";
				CLANG_ENABLE_MODULES = YES;
				CLANG_ENABLE_OBJC_ARC = YES;
				CLANG_ENABLE_OBJC_WEAK = YES;
				CLANG_WARN_BLOCK_CAPTURE_AUTORELEASING = YES;
				CLANG_WARN_BOOL_CONVERSION = YES;
				CLANG_WARN_COMMA = YES;
				CLANG_WARN_CONSTANT_CONVERSION = YES;
				CLANG_WARN_DEPRECATED_OBJC_IMPLEMENTATIONS = YES;
				CLANG_WARN_DIRECT_OBJC_ISA_USAGE = YES_ERROR;
				CLANG_WARN_DOCUMENTATION_COMMENTS = YES;
				CLANG_WARN_EMPTY_BODY = YES;
				CLANG_WARN_ENUM_CONVERSION = YES;
				CLANG_WARN_INFINITE_RECURSION = YES;
				CLANG_WARN_INT_CONVERSION = YES;
				CLANG_WARN_NON_LITERAL_NULL_CONVERSION = YES;
				CLANG_WARN_OBJC_IMPLICIT_RETAIN_SELF = YES;
				CLANG_WARN_OBJC_LITERAL_CONVERSION = YES;
				CLANG_WARN_OBJC_ROOT_CLASS = YES_ERROR;
				CLANG_WARN_QUOTED_INCLUDE_IN_FRAMEWORK_HEADER = YES;
				CLANG_WARN_RANGE_LOOP_ANALYSIS = YES;
				CLANG_WARN_STRICT_PROTOTYPES = YES;
				CLANG_WARN_SUSPICIOUS_MOVE = YES;
				CLANG_WARN_UNGUARDED_AVAILABILITY = YES_AGGRESSIVE;
				CLANG_WARN_UNREACHABLE_CODE = YES;
				CLANG_WARN__DUPLICATE_METHOD_MATCH = YES;
				COPY_PHASE_STRIP = NO;
				DEBUG_INFORMATION_FORMAT = dwarf;
				ENABLE_STRICT_OBJC_MSGSEND = YES;
				ENABLE_TESTABILITY = YES;
				GCC_C_LANGUAGE_STANDARD = gnu11;
				GCC_DYNAMIC_NO_PIC = NO;
				GCC_NO_COMMON_BLOCKS = YES;
				GCC_OPTIMIZATION_LEVEL = 0;
				GCC_PREPROCESSOR_DEFINITIONS = (
					"DEBUG=1",
					"$(inherited)",
				);
				GCC_WARN_64_TO_32_BIT_CONVERSION = YES;
				GCC_WARN_ABOUT_RETURN_TYPE = YES_ERROR;
				GCC_WARN_UNDECLARED_SELECTOR = YES;
				GCC_WARN_UNINITIALIZED_AUTOS = YES_AGGRESSIVE;
				GCC_WARN_UNUSED_FUNCTION = YES;
				GCC_WARN_UNUSED_VARIABLE = YES;
				IPHONEOS_DEPLOYMENT_TARGET = 14.4;
				MTL_ENABLE_DEBUG_INFO = INCLUDE_SOURCE;
				MTL_FAST_MATH = YES;
				ONLY_ACTIVE_ARCH = YES;
				SDKROOT = iphoneos;
				SWIFT_ACTIVE_COMPILATION_CONDITIONS = DEBUG;
				SWIFT_OPTIMIZATION_LEVEL = "-Onone";
			};
			name = Debug;
		};
		E076808C269403A700793677 /* Release */ = {
			isa = XCBuildConfiguration;
			buildSettings = {
				ALWAYS_SEARCH_USER_PATHS = NO;
				CLANG_ANALYZER_NONNULL = YES;
				CLANG_ANALYZER_NUMBER_OBJECT_CONVERSION = YES_AGGRESSIVE;
				CLANG_CXX_LANGUAGE_STANDARD = "gnu++14";
				CLANG_CXX_LIBRARY = "libc++";
				CLANG_ENABLE_MODULES = YES;
				CLANG_ENABLE_OBJC_ARC = YES;
				CLANG_ENABLE_OBJC_WEAK = YES;
				CLANG_WARN_BLOCK_CAPTURE_AUTORELEASING = YES;
				CLANG_WARN_BOOL_CONVERSION = YES;
				CLANG_WARN_COMMA = YES;
				CLANG_WARN_CONSTANT_CONVERSION = YES;
				CLANG_WARN_DEPRECATED_OBJC_IMPLEMENTATIONS = YES;
				CLANG_WARN_DIRECT_OBJC_ISA_USAGE = YES_ERROR;
				CLANG_WARN_DOCUMENTATION_COMMENTS = YES;
				CLANG_WARN_EMPTY_BODY = YES;
				CLANG_WARN_ENUM_CONVERSION = YES;
				CLANG_WARN_INFINITE_RECURSION = YES;
				CLANG_WARN_INT_CONVERSION = YES;
				CLANG_WARN_NON_LITERAL_NULL_CONVERSION = YES;
				CLANG_WARN_OBJC_IMPLICIT_RETAIN_SELF = YES;
				CLANG_WARN_OBJC_LITERAL_CONVERSION = YES;
				CLANG_WARN_OBJC_ROOT_CLASS = YES_ERROR;
				CLANG_WARN_QUOTED_INCLUDE_IN_FRAMEWORK_HEADER = YES;
				CLANG_WARN_RANGE_LOOP_ANALYSIS = YES;
				CLANG_WARN_STRICT_PROTOTYPES = YES;
				CLANG_WARN_SUSPICIOUS_MOVE = YES;
				CLANG_WARN_UNGUARDED_AVAILABILITY = YES_AGGRESSIVE;
				CLANG_WARN_UNREACHABLE_CODE = YES;
				CLANG_WARN__DUPLICATE_METHOD_MATCH = YES;
				COPY_PHASE_STRIP = NO;
				DEBUG_INFORMATION_FORMAT = "dwarf-with-dsym";
				ENABLE_NS_ASSERTIONS = NO;
				ENABLE_STRICT_OBJC_MSGSEND = YES;
				GCC_C_LANGUAGE_STANDARD = gnu11;
				GCC_NO_COMMON_BLOCKS = YES;
				GCC_WARN_64_TO_32_BIT_CONVERSION = YES;
				GCC_WARN_ABOUT_RETURN_TYPE = YES_ERROR;
				GCC_WARN_UNDECLARED_SELECTOR = YES;
				GCC_WARN_UNINITIALIZED_AUTOS = YES_AGGRESSIVE;
				GCC_WARN_UNUSED_FUNCTION = YES;
				GCC_WARN_UNUSED_VARIABLE = YES;
				IPHONEOS_DEPLOYMENT_TARGET = 14.4;
				MTL_ENABLE_DEBUG_INFO = NO;
				MTL_FAST_MATH = YES;
				SDKROOT = iphoneos;
				SWIFT_COMPILATION_MODE = wholemodule;
				SWIFT_OPTIMIZATION_LEVEL = "-O";
				VALIDATE_PRODUCT = YES;
			};
			name = Release;
		};
		E076808E269403A700793677 /* Debug */ = {
			isa = XCBuildConfiguration;
			buildSettings = {
				ASSETCATALOG_COMPILER_APPICON_NAME = AppIcon;
				ASSETCATALOG_COMPILER_GLOBAL_ACCENT_COLOR_NAME = AccentColor;
				CODE_SIGN_STYLE = Automatic;
				DEVELOPMENT_ASSET_PATHS = "\"ToDoCalendar/Preview Content\"";
				DEVELOPMENT_TEAM = 4U55Q47868;
				ENABLE_PREVIEWS = YES;
				INFOPLIST_FILE = ToDoCalendar/Info.plist;
				IPHONEOS_DEPLOYMENT_TARGET = 14.0;
				LD_RUNPATH_SEARCH_PATHS = (
					"$(inherited)",
					"@executable_path/Frameworks",
				);
				PRODUCT_BUNDLE_IDENTIFIER = com.maryyannadev.ToDoCalendar;
				PRODUCT_NAME = "$(TARGET_NAME)";
				SWIFT_VERSION = 5.0;
				TARGETED_DEVICE_FAMILY = "1,2";
			};
			name = Debug;
		};
		E076808F269403A700793677 /* Release */ = {
			isa = XCBuildConfiguration;
			buildSettings = {
				ASSETCATALOG_COMPILER_APPICON_NAME = AppIcon;
				ASSETCATALOG_COMPILER_GLOBAL_ACCENT_COLOR_NAME = AccentColor;
				CODE_SIGN_STYLE = Automatic;
				DEVELOPMENT_ASSET_PATHS = "\"ToDoCalendar/Preview Content\"";
				DEVELOPMENT_TEAM = 4U55Q47868;
				ENABLE_PREVIEWS = YES;
				INFOPLIST_FILE = ToDoCalendar/Info.plist;
				IPHONEOS_DEPLOYMENT_TARGET = 14.0;
				LD_RUNPATH_SEARCH_PATHS = (
					"$(inherited)",
					"@executable_path/Frameworks",
				);
				PRODUCT_BUNDLE_IDENTIFIER = com.maryyannadev.ToDoCalendar;
				PRODUCT_NAME = "$(TARGET_NAME)";
				SWIFT_VERSION = 5.0;
				TARGETED_DEVICE_FAMILY = "1,2";
			};
			name = Release;
		};
		E0768091269403A700793677 /* Debug */ = {
			isa = XCBuildConfiguration;
			buildSettings = {
				ALWAYS_EMBED_SWIFT_STANDARD_LIBRARIES = YES;
				BUNDLE_LOADER = "$(TEST_HOST)";
				CODE_SIGN_STYLE = Automatic;
				DEVELOPMENT_TEAM = 4U55Q47868;
				INFOPLIST_FILE = ToDoCalendarTests/Info.plist;
				IPHONEOS_DEPLOYMENT_TARGET = 14.0;
				LD_RUNPATH_SEARCH_PATHS = (
					"$(inherited)",
					"@executable_path/Frameworks",
					"@loader_path/Frameworks",
				);
				PRODUCT_BUNDLE_IDENTIFIER = com.maryyannadev.ToDoCalendarTests;
				PRODUCT_NAME = "$(TARGET_NAME)";
				SWIFT_VERSION = 5.0;
				TARGETED_DEVICE_FAMILY = "1,2";
				TEST_HOST = "$(BUILT_PRODUCTS_DIR)/ToDoCalendar.app/ToDoCalendar";
			};
			name = Debug;
		};
		E0768092269403A700793677 /* Release */ = {
			isa = XCBuildConfiguration;
			buildSettings = {
				ALWAYS_EMBED_SWIFT_STANDARD_LIBRARIES = YES;
				BUNDLE_LOADER = "$(TEST_HOST)";
				CODE_SIGN_STYLE = Automatic;
				DEVELOPMENT_TEAM = 4U55Q47868;
				INFOPLIST_FILE = ToDoCalendarTests/Info.plist;
				IPHONEOS_DEPLOYMENT_TARGET = 14.0;
				LD_RUNPATH_SEARCH_PATHS = (
					"$(inherited)",
					"@executable_path/Frameworks",
					"@loader_path/Frameworks",
				);
				PRODUCT_BUNDLE_IDENTIFIER = com.maryyannadev.ToDoCalendarTests;
				PRODUCT_NAME = "$(TARGET_NAME)";
				SWIFT_VERSION = 5.0;
				TARGETED_DEVICE_FAMILY = "1,2";
				TEST_HOST = "$(BUILT_PRODUCTS_DIR)/ToDoCalendar.app/ToDoCalendar";
			};
			name = Release;
		};
		E0768094269403A700793677 /* Debug */ = {
			isa = XCBuildConfiguration;
			buildSettings = {
				ALWAYS_EMBED_SWIFT_STANDARD_LIBRARIES = YES;
				CODE_SIGN_STYLE = Automatic;
				DEVELOPMENT_TEAM = 4U55Q47868;
				INFOPLIST_FILE = ToDoCalendarUITests/Info.plist;
				LD_RUNPATH_SEARCH_PATHS = (
					"$(inherited)",
					"@executable_path/Frameworks",
					"@loader_path/Frameworks",
				);
				PRODUCT_BUNDLE_IDENTIFIER = com.maryyannadev.ToDoCalendarUITests;
				PRODUCT_NAME = "$(TARGET_NAME)";
				SWIFT_VERSION = 5.0;
				TARGETED_DEVICE_FAMILY = "1,2";
				TEST_TARGET_NAME = ToDoCalendar;
			};
			name = Debug;
		};
		E0768095269403A700793677 /* Release */ = {
			isa = XCBuildConfiguration;
			buildSettings = {
				ALWAYS_EMBED_SWIFT_STANDARD_LIBRARIES = YES;
				CODE_SIGN_STYLE = Automatic;
				DEVELOPMENT_TEAM = 4U55Q47868;
				INFOPLIST_FILE = ToDoCalendarUITests/Info.plist;
				LD_RUNPATH_SEARCH_PATHS = (
					"$(inherited)",
					"@executable_path/Frameworks",
					"@loader_path/Frameworks",
				);
				PRODUCT_BUNDLE_IDENTIFIER = com.maryyannadev.ToDoCalendarUITests;
				PRODUCT_NAME = "$(TARGET_NAME)";
				SWIFT_VERSION = 5.0;
				TARGETED_DEVICE_FAMILY = "1,2";
				TEST_TARGET_NAME = ToDoCalendar;
			};
			name = Release;
		};
/* End XCBuildConfiguration section */

/* Begin XCConfigurationList section */
		E076805E269403A500793677 /* Build configuration list for PBXProject "ToDoCalendar" */ = {
			isa = XCConfigurationList;
			buildConfigurations = (
				E076808B269403A700793677 /* Debug */,
				E076808C269403A700793677 /* Release */,
			);
			defaultConfigurationIsVisible = 0;
			defaultConfigurationName = Release;
		};
		E076808D269403A700793677 /* Build configuration list for PBXNativeTarget "ToDoCalendar" */ = {
			isa = XCConfigurationList;
			buildConfigurations = (
				E076808E269403A700793677 /* Debug */,
				E076808F269403A700793677 /* Release */,
			);
			defaultConfigurationIsVisible = 0;
			defaultConfigurationName = Release;
		};
		E0768090269403A700793677 /* Build configuration list for PBXNativeTarget "ToDoCalendarTests" */ = {
			isa = XCConfigurationList;
			buildConfigurations = (
				E0768091269403A700793677 /* Debug */,
				E0768092269403A700793677 /* Release */,
			);
			defaultConfigurationIsVisible = 0;
			defaultConfigurationName = Release;
		};
		E0768093269403A700793677 /* Build configuration list for PBXNativeTarget "ToDoCalendarUITests" */ = {
			isa = XCConfigurationList;
			buildConfigurations = (
				E0768094269403A700793677 /* Debug */,
				E0768095269403A700793677 /* Release */,
			);
			defaultConfigurationIsVisible = 0;
			defaultConfigurationName = Release;
		};
/* End XCConfigurationList section */

/* Begin XCVersionGroup section */
		E0768071269403A700793677 /* ToDoCalendar.xcdatamodeld */ = {
			isa = XCVersionGroup;
			children = (
				E0768072269403A700793677 /* ToDoCalendar.xcdatamodel */,
			);
			currentVersion = E0768072269403A700793677 /* ToDoCalendar.xcdatamodel */;
			path = ToDoCalendar.xcdatamodeld;
			sourceTree = "<group>";
			versionGroupType = wrapper.xcdatamodel;
		};
/* End XCVersionGroup section */
	};
	rootObject = E076805B269403A500793677 /* Project object */;
}
